
Microsoft Visual Studio Solution File, Format Version 12.00
# Visual Studio Version 17
VisualStudioVersion = 17.14.36518.9 d17.14
MinimumVisualStudioVersion = 10.0.40219.1
Project("{FAE04EC0-301F-11D3-BF4B-00C04F79EFBC}") = "LuckyBILET", "LuckyBILET\LuckyBILET.csproj", "{62E49A38-15C9-4261-B4AF-D1780E839910}"
EndProject
Global
	GlobalSection(SolutionConfigurationPlatforms) = preSolution
		Debug|Any CPU = Debug|Any CPU
		Release|Any CPU = Release|Any CPU
	EndGlobalSection
	GlobalSection(ProjectConfigurationPlatforms) = postSolution
		{62E49A38-15C9-4261-B4AF-D1780E839910}.Debug|Any CPU.ActiveCfg = Debug|Any CPU
		{62E49A38-15C9-4261-B4AF-D1780E839910}.Debug|Any CPU.Build.0 = Debug|Any CPU
		{62E49A38-15C9-4261-B4AF-D1780E839910}.Release|Any CPU.ActiveCfg = Release|Any CPU
		{62E49A38-15C9-4261-B4AF-D1780E839910}.Release|Any CPU.Build.0 = Release|Any CPU
	EndGlobalSection
	GlobalSection(SolutionProperties) = preSolution
		HideSolutionNode = FALSE
	EndGlobalSection
	GlobalSection(ExtensibilityGlobals) = postSolution
		SolutionGuid = {CBA9DFF4-89B6-4C09-AA59-DD9D917278A5}
	EndGlobalSection
EndGlobal
